
Microsoft Visual Studio Solution File, Format Version 12.00
# Visual Studio Version 16
VisualStudioVersion = 16.0.30011.22
MinimumVisualStudioVersion = 10.0.40219.1
Project("{FAE04EC0-301F-11D3-BF4B-00C04F79EFBC}") = "LeitorRssConsole", "LeitorRssConsole\LeitorRssConsole.csproj", "{F004F61C-5066-4430-8EA6-A302A76EAE99}"
EndProject
Global
	GlobalSection(SolutionConfigurationPlatforms) = preSolution
		Debug|Any CPU = Debug|Any CPU
		Release|Any CPU = Release|Any CPU
	EndGlobalSection
	GlobalSection(ProjectConfigurationPlatforms) = postSolution
		{F004F61C-5066-4430-8EA6-A302A76EAE99}.Debug|Any CPU.ActiveCfg = Debug|Any CPU
		{F004F61C-5066-4430-8EA6-A302A76EAE99}.Debug|Any CPU.Build.0 = Debug|Any CPU
		{F004F61C-5066-4430-8EA6-A302A76EAE99}.Release|Any CPU.ActiveCfg = Release|Any CPU
		{F004F61C-5066-4430-8EA6-A302A76EAE99}.Release|Any CPU.Build.0 = Release|Any CPU
	EndGlobalSection
	GlobalSection(SolutionProperties) = preSolution
		HideSolutionNode = FALSE
	EndGlobalSection
	GlobalSection(ExtensibilityGlobals) = postSolution
		SolutionGuid = {E833ADB7-6DA9-432C-8173-20AE1881637D}
	EndGlobalSection
EndGlobal
